{
  "version": 4,
  "terraform_version": "1.9.4",
  "serial": 37,
  "lineage": "21cca3a3-d740-789d-5a3a-5c476a56d9dc",
  "outputs": {
    "default_vpc_id": {
      "value": "vpc-0c505b7cac3ddc9cf",
      "type": "string"
    },
    "ecr_repository_url": {
      "value": "260320279955.dkr.ecr.eu-west-3.amazonaws.com/ecr-fastapi-service",
      "type": "string"
    },
    "ecs_cluster_name": {
      "value": "fastapi-ecs-cluster",
      "type": "string"
    },
    "ecs_security_group_id": {
      "value": "sg-05cd786691c73ab08",
      "type": "string"
    },
    "ecs_service_name": {
      "value": "fastapi-service",
      "type": "string"
    },
    "ecs_task_definition_arn": {
      "value": "arn:aws:ecs:eu-west-3:260320279955:task-definition/fastapi-service:2",
      "type": "string"
    },
    "ecs_task_family": {
      "value": "fastapi-service",
      "type": "string"
    },
    "selected_subnet_cidr": {
      "value": "172.31.0.0/20",
      "type": "string"
    },
    "selected_subnet_details": {
      "value": {
        "arn": "arn:aws:ec2:eu-west-3:260320279955:subnet/subnet-067e526fdc6b6e07f",
        "assign_ipv6_address_on_creation": false,
        "availability_zone": "eu-west-3a",
        "availability_zone_id": "euw3-az1",
        "available_ip_address_count": 4090,
        "cidr_block": "172.31.0.0/20",
        "customer_owned_ipv4_pool": "",
        "default_for_az": true,
        "enable_dns64": false,
        "enable_lni_at_device_index": 0,
        "enable_resource_name_dns_a_record_on_launch": false,
        "enable_resource_name_dns_aaaa_record_on_launch": false,
        "filter": null,
        "id": "subnet-067e526fdc6b6e07f",
        "ipv6_cidr_block": "",
        "ipv6_cidr_block_association_id": "",
        "ipv6_native": false,
        "map_customer_owned_ip_on_launch": false,
        "map_public_ip_on_launch": true,
        "outpost_arn": "",
        "owner_id": "260320279955",
        "private_dns_hostname_type_on_launch": "ip-name",
        "state": "available",
        "tags": {},
        "timeouts": null,
        "vpc_id": "vpc-0c505b7cac3ddc9cf"
      },
      "type": [
        "object",
        {
          "arn": "string",
          "assign_ipv6_address_on_creation": "bool",
          "availability_zone": "string",
          "availability_zone_id": "string",
          "available_ip_address_count": "number",
          "cidr_block": "string",
          "customer_owned_ipv4_pool": "string",
          "default_for_az": "bool",
          "enable_dns64": "bool",
          "enable_lni_at_device_index": "number",
          "enable_resource_name_dns_a_record_on_launch": "bool",
          "enable_resource_name_dns_aaaa_record_on_launch": "bool",
          "filter": [
            "set",
            [
              "object",
              {
                "name": "string",
                "values": [
                  "set",
                  "string"
                ]
              }
            ]
          ],
          "id": "string",
          "ipv6_cidr_block": "string",
          "ipv6_cidr_block_association_id": "string",
          "ipv6_native": "bool",
          "map_customer_owned_ip_on_launch": "bool",
          "map_public_ip_on_launch": "bool",
          "outpost_arn": "string",
          "owner_id": "string",
          "private_dns_hostname_type_on_launch": "string",
          "state": "string",
          "tags": [
            "map",
            "string"
          ],
          "timeouts": [
            "object",
            {
              "read": "string"
            }
          ],
          "vpc_id": "string"
        }
      ]
    }
  },
  "resources": [
    {
      "mode": "data",
      "type": "aws_security_group",
      "name": "default",
      "provider": "provider[\"registry.terraform.io/hashicorp/aws\"]",
      "instances": [
        {
          "schema_version": 0,
          "attributes": {
            "arn": "arn:aws:ec2:eu-west-3:260320279955:security-group/sg-0d82ffb13a53378aa",
            "description": "default VPC security group",
            "filter": [
              {
                "name": "group-name",
                "values": [
                  "default"
                ]
              }
            ],
            "id": "sg-0d82ffb13a53378aa",
            "name": "default",
            "tags": {},
            "timeouts": null,
            "vpc_id": "vpc-0c505b7cac3ddc9cf"
          },
          "sensitive_attributes": []
        }
      ]
    },
    {
      "mode": "data",
      "type": "aws_subnet",
      "name": "selected_subnet",
      "provider": "provider[\"registry.terraform.io/hashicorp/aws\"]",
      "instances": [
        {
          "schema_version": 0,
          "attributes": {
            "arn": "arn:aws:ec2:eu-west-3:260320279955:subnet/subnet-067e526fdc6b6e07f",
            "assign_ipv6_address_on_creation": false,
            "availability_zone": "eu-west-3a",
            "availability_zone_id": "euw3-az1",
            "available_ip_address_count": 4090,
            "cidr_block": "172.31.0.0/20",
            "customer_owned_ipv4_pool": "",
            "default_for_az": true,
            "enable_dns64": false,
            "enable_lni_at_device_index": 0,
            "enable_resource_name_dns_a_record_on_launch": false,
            "enable_resource_name_dns_aaaa_record_on_launch": false,
            "filter": null,
            "id": "subnet-067e526fdc6b6e07f",
            "ipv6_cidr_block": "",
            "ipv6_cidr_block_association_id": "",
            "ipv6_native": false,
            "map_customer_owned_ip_on_launch": false,
            "map_public_ip_on_launch": true,
            "outpost_arn": "",
            "owner_id": "260320279955",
            "private_dns_hostname_type_on_launch": "ip-name",
            "state": "available",
            "tags": {},
            "timeouts": null,
            "vpc_id": "vpc-0c505b7cac3ddc9cf"
          },
          "sensitive_attributes": []
        }
      ]
    },
    {
      "mode": "data",
      "type": "aws_vpc",
      "name": "default",
      "provider": "provider[\"registry.terraform.io/hashicorp/aws\"]",
      "instances": [
        {
          "schema_version": 0,
          "attributes": {
            "arn": "arn:aws:ec2:eu-west-3:260320279955:vpc/vpc-0c505b7cac3ddc9cf",
            "cidr_block": "172.31.0.0/16",
            "cidr_block_associations": [
              {
                "association_id": "vpc-cidr-assoc-07a3a7c48cb68b626",
                "cidr_block": "172.31.0.0/16",
                "state": "associated"
              }
            ],
            "default": true,
            "dhcp_options_id": "dopt-041f5470424805061",
            "enable_dns_hostnames": true,
            "enable_dns_support": true,
            "enable_network_address_usage_metrics": false,
            "filter": null,
            "id": "vpc-0c505b7cac3ddc9cf",
            "instance_tenancy": "default",
            "ipv6_association_id": "",
            "ipv6_cidr_block": "",
            "main_route_table_id": "rtb-0de07b62392fac580",
            "owner_id": "260320279955",
            "state": null,
            "tags": {},
            "timeouts": null
          },
          "sensitive_attributes": []
        }
      ]
    },
    {
      "mode": "managed",
      "type": "aws_cloudwatch_log_group",
      "name": "ecs_log_group",
      "provider": "provider[\"registry.terraform.io/hashicorp/aws\"]",
      "instances": [
        {
          "schema_version": 0,
          "attributes": {
            "arn": "arn:aws:logs:eu-west-3:260320279955:log-group:/ecs/fastapi-service",
            "id": "/ecs/fastapi-service",
            "kms_key_id": "",
            "log_group_class": "STANDARD",
            "name": "/ecs/fastapi-service",
            "name_prefix": "",
            "retention_in_days": 7,
            "skip_destroy": false,
            "tags": null,
            "tags_all": {}
          },
          "sensitive_attributes": [],
          "private": "bnVsbA=="
        }
      ]
    },
    {
      "mode": "managed",
      "type": "aws_ecr_repository",
      "name": "ElasticContainerRegistry",
      "provider": "provider[\"registry.terraform.io/hashicorp/aws\"]",
      "instances": [
        {
          "schema_version": 0,
          "attributes": {
            "arn": "arn:aws:ecr:eu-west-3:260320279955:repository/ecr-fastapi-service",
            "encryption_configuration": [
              {
                "encryption_type": "AES256",
                "kms_key": ""
              }
            ],
            "force_delete": null,
            "id": "ecr-fastapi-service",
            "image_scanning_configuration": [
              {
                "scan_on_push": true
              }
            ],
            "image_tag_mutability": "MUTABLE",
            "name": "ecr-fastapi-service",
            "registry_id": "260320279955",
            "repository_url": "260320279955.dkr.ecr.eu-west-3.amazonaws.com/ecr-fastapi-service",
            "tags": {
              "Application": "fastapi_service",
              "Environment": "dev",
              "Name": ""
            },
            "tags_all": {
              "Application": "fastapi_service",
              "Environment": "dev",
              "Name": ""
            },
            "timeouts": null
          },
          "sensitive_attributes": [],
          "private": "eyJlMmJmYjczMC1lY2FhLTExZTYtOGY4OC0zNDM2M2JjN2M0YzAiOnsiZGVsZXRlIjoxMjAwMDAwMDAwMDAwfX0="
        }
      ]
    },
    {
      "mode": "managed",
      "type": "aws_ecs_cluster",
      "name": "ECS_Cluster",
      "provider": "provider[\"registry.terraform.io/hashicorp/aws\"]",
      "instances": [
        {
          "schema_version": 0,
          "attributes": {
            "arn": "arn:aws:ecs:eu-west-3:260320279955:cluster/fastapi-ecs-cluster",
            "configuration": [],
            "id": "arn:aws:ecs:eu-west-3:260320279955:cluster/fastapi-ecs-cluster",
            "name": "fastapi-ecs-cluster",
            "service_connect_defaults": [],
            "setting": [
              {
                "name": "containerInsights",
                "value": "enabled"
              }
            ],
            "tags": {
              "Application": "fastapi_service",
              "Environment": "dev",
              "Name": "FASTAPI-ECS-CLUSTER"
            },
            "tags_all": {
              "Application": "fastapi_service",
              "Environment": "dev",
              "Name": "FASTAPI-ECS-CLUSTER"
            }
          },
          "sensitive_attributes": [],
          "private": "bnVsbA=="
        }
      ]
    },
    {
      "mode": "managed",
      "type": "aws_ecs_cluster_capacity_providers",
      "name": "ecs_capacity_strategy",
      "provider": "provider[\"registry.terraform.io/hashicorp/aws\"]",
      "instances": [
        {
          "schema_version": 0,
          "attributes": {
            "capacity_providers": [
              "FARGATE",
              "FARGATE_SPOT"
            ],
            "cluster_name": "fastapi-ecs-cluster",
            "default_capacity_provider_strategy": [
              {
                "base": 0,
                "capacity_provider": "FARGATE",
                "weight": 1
              },
              {
                "base": 1,
                "capacity_provider": "FARGATE_SPOT",
                "weight": 100
              }
            ],
            "id": "fastapi-ecs-cluster"
          },
          "sensitive_attributes": [],
          "private": "bnVsbA==",
          "dependencies": [
            "aws_ecs_cluster.ECS_Cluster"
          ]
        }
      ]
    },
    {
      "mode": "managed",
      "type": "aws_ecs_service",
      "name": "fastapi_ecs_service",
      "provider": "provider[\"registry.terraform.io/hashicorp/aws\"]",
      "instances": [
        {
          "schema_version": 1,
          "attributes": {
            "alarms": [],
            "capacity_provider_strategy": [
              {
                "base": 0,
                "capacity_provider": "FARGATE",
                "weight": 1
              },
              {
                "base": 0,
                "capacity_provider": "FARGATE_SPOT",
                "weight": 100
              }
            ],
            "cluster": "arn:aws:ecs:eu-west-3:260320279955:cluster/fastapi-ecs-cluster",
            "deployment_circuit_breaker": [
              {
                "enable": false,
                "rollback": false
              }
            ],
            "deployment_controller": [
              {
                "type": "ECS"
              }
            ],
            "deployment_maximum_percent": 200,
            "deployment_minimum_healthy_percent": 100,
            "desired_count": 1,
            "enable_ecs_managed_tags": false,
            "enable_execute_command": false,
            "force_delete": null,
            "force_new_deployment": null,
            "health_check_grace_period_seconds": 0,
            "iam_role": "/aws-service-role/ecs.amazonaws.com/AWSServiceRoleForECS",
            "id": "arn:aws:ecs:eu-west-3:260320279955:service/fastapi-ecs-cluster/fastapi-service",
            "launch_type": "",
            "load_balancer": [],
            "name": "fastapi-service",
            "network_configuration": [
              {
                "assign_public_ip": true,
                "security_groups": [
                  "sg-05cd786691c73ab08"
                ],
                "subnets": [
                  "subnet-067e526fdc6b6e07f"
                ]
              }
            ],
            "ordered_placement_strategy": [],
            "placement_constraints": [],
            "platform_version": "LATEST",
            "propagate_tags": "NONE",
            "scheduling_strategy": "REPLICA",
            "service_connect_configuration": [],
            "service_registries": [],
            "tags": {
              "Application": "fastapi_service",
              "Environment": "dev",
              "Name": "FASTAPI-ECS-SERVICE"
            },
            "tags_all": {
              "Application": "fastapi_service",
              "Environment": "dev",
              "Name": "FASTAPI-ECS-SERVICE"
            },
            "task_definition": "arn:aws:ecs:eu-west-3:260320279955:task-definition/fastapi-service:2",
            "timeouts": null,
            "triggers": {},
            "volume_configuration": [],
            "wait_for_steady_state": false
          },
          "sensitive_attributes": [],
          "private": "eyJlMmJmYjczMC1lY2FhLTExZTYtOGY4OC0zNDM2M2JjN2M0YzAiOnsiY3JlYXRlIjoxMjAwMDAwMDAwMDAwLCJkZWxldGUiOjEyMDAwMDAwMDAwMDAsInVwZGF0ZSI6MTIwMDAwMDAwMDAwMH0sInNjaGVtYV92ZXJzaW9uIjoiMSJ9",
          "dependencies": [
            "aws_ecr_repository.ElasticContainerRegistry",
            "aws_ecs_cluster.ECS_Cluster",
            "aws_ecs_task_definition.fargate_task",
            "aws_iam_role.ecs_task_execution_role",
            "aws_security_group.ecs_web_access_sg",
            "data.aws_subnet.selected_subnet",
            "data.aws_vpc.default"
          ]
        }
      ]
    },
    {
      "mode": "managed",
      "type": "aws_ecs_task_definition",
      "name": "fargate_task",
      "provider": "provider[\"registry.terraform.io/hashicorp/aws\"]",
      "instances": [
        {
          "schema_version": 1,
          "attributes": {
            "arn": "arn:aws:ecs:eu-west-3:260320279955:task-definition/fastapi-service:2",
            "arn_without_revision": "arn:aws:ecs:eu-west-3:260320279955:task-definition/fastapi-service",
            "container_definitions": "[{\"environment\":[{\"name\":\"OPENWEATHERMAP_API_KEY\",\"value\":\"bd5e378503939ddaee76f12ad7a97608\"}],\"essential\":true,\"image\":\"260320279955.dkr.ecr.eu-west-3.amazonaws.com/ecr-fastapi-service:latest\",\"logConfiguration\":{\"logDriver\":\"awslogs\",\"options\":{\"awslogs-group\":\"/ecs/fastapi-service\",\"mode\":\"non-blocking\",\"awslogs-create-group\":\"true\",\"awslogs-region\":\"eu-west-3\",\"awslogs-stream-prefix\":\"ecs\"}},\"mountPoints\":[],\"name\":\"fastapi-service\",\"portMappings\":[{\"appProtocol\":\"http\",\"containerPort\":80,\"hostPort\":80,\"protocol\":\"tcp\"},{\"appProtocol\":\"http\",\"containerPort\":8000,\"hostPort\":8000,\"protocol\":\"tcp\"}],\"systemControls\":[],\"volumesFrom\":[]}]",
            "cpu": "512",
            "ephemeral_storage": [],
            "execution_role_arn": "arn:aws:iam::260320279955:role/ecsTaskExecutionRole-customer-managed",
            "family": "fastapi-service",
            "id": "fastapi-service",
            "inference_accelerator": [],
            "ipc_mode": "",
            "memory": "1024",
            "network_mode": "awsvpc",
            "pid_mode": "",
            "placement_constraints": [],
            "proxy_configuration": [],
            "requires_compatibilities": [
              "FARGATE"
            ],
            "revision": 2,
            "runtime_platform": [
              {
                "cpu_architecture": "ARM64",
                "operating_system_family": "LINUX"
              }
            ],
            "skip_destroy": false,
            "tags": {
              "Application": "fastapi_service",
              "Environment": "dev",
              "Name": "FASTAPI-ECS-TASK-DEFINATION"
            },
            "tags_all": {
              "Application": "fastapi_service",
              "Environment": "dev",
              "Name": "FASTAPI-ECS-TASK-DEFINATION"
            },
            "task_role_arn": "arn:aws:iam::260320279955:role/ecsTaskExecutionRole-customer-managed",
            "track_latest": false,
            "volume": []
          },
          "sensitive_attributes": [],
          "private": "eyJzY2hlbWFfdmVyc2lvbiI6IjEifQ==",
          "dependencies": [
            "aws_ecr_repository.ElasticContainerRegistry",
            "aws_iam_role.ecs_task_execution_role"
          ]
        }
      ]
    },
    {
      "mode": "managed",
      "type": "aws_iam_policy",
      "name": "ecs_task_execution_policy",
      "provider": "provider[\"registry.terraform.io/hashicorp/aws\"]",
      "instances": [
        {
          "schema_version": 0,
          "attributes": {
            "arn": "arn:aws:iam::260320279955:policy/ecsTaskExecutionPolicy-customer-managed",
            "attachment_count": 1,
            "description": "",
            "id": "arn:aws:iam::260320279955:policy/ecsTaskExecutionPolicy-customer-managed",
            "name": "ecsTaskExecutionPolicy-customer-managed",
            "name_prefix": "",
            "path": "/",
            "policy": "{\"Statement\":[{\"Action\":[\"ecr:GetAuthorizationToken\",\"ecr:BatchCheckLayerAvailability\",\"ecr:GetDownloadUrlForLayer\",\"ecr:BatchGetImage\",\"logs:CreateLogStream\",\"logs:PutLogEvents\"],\"Effect\":\"Allow\",\"Resource\":\"*\"},{\"Action\":[\"s3:ListBucket\",\"s3:GetObject\",\"s3:PutObject\",\"s3:DeleteObject\"],\"Effect\":\"Allow\",\"Resource\":\"*\"},{\"Action\":[\"secretsmanager:GetSecretValue\",\"secretsmanager:DescribeSecret\",\"secretsmanager:ListSecrets\",\"secretsmanager:ReadSecret\"],\"Effect\":\"Allow\",\"Resource\":\"*\"}],\"Version\":\"2012-10-17\"}",
            "policy_id": "ANPATZHCMHWJSXLXGBJFK",
            "tags": {},
            "tags_all": {}
          },
          "sensitive_attributes": [],
          "private": "bnVsbA=="
        }
      ]
    },
    {
      "mode": "managed",
      "type": "aws_iam_role",
      "name": "ecs_task_execution_role",
      "provider": "provider[\"registry.terraform.io/hashicorp/aws\"]",
      "instances": [
        {
          "schema_version": 0,
          "attributes": {
            "arn": "arn:aws:iam::260320279955:role/ecsTaskExecutionRole-customer-managed",
            "assume_role_policy": "{\"Statement\":[{\"Action\":\"sts:AssumeRole\",\"Effect\":\"Allow\",\"Principal\":{\"Service\":\"ecs-tasks.amazonaws.com\"}}],\"Version\":\"2012-10-17\"}",
            "create_date": "2024-09-08T13:39:55Z",
            "description": "",
            "force_detach_policies": false,
            "id": "ecsTaskExecutionRole-customer-managed",
            "inline_policy": [],
            "managed_policy_arns": [
              "arn:aws:iam::260320279955:policy/ecsTaskExecutionPolicy-customer-managed"
            ],
            "max_session_duration": 3600,
            "name": "ecsTaskExecutionRole-customer-managed",
            "name_prefix": "",
            "path": "/",
            "permissions_boundary": "",
            "tags": {},
            "tags_all": {},
            "unique_id": "AROATZHCMHWJZVXSZ6TV4"
          },
          "sensitive_attributes": [],
          "private": "bnVsbA=="
        }
      ]
    },
    {
      "mode": "managed",
      "type": "aws_iam_role_policy_attachment",
      "name": "ecs_task_execution_policy_attachment",
      "provider": "provider[\"registry.terraform.io/hashicorp/aws\"]",
      "instances": [
        {
          "schema_version": 0,
          "attributes": {
            "id": "ecsTaskExecutionRole-customer-managed-20240908133956322300000001",
            "policy_arn": "arn:aws:iam::260320279955:policy/ecsTaskExecutionPolicy-customer-managed",
            "role": "ecsTaskExecutionRole-customer-managed"
          },
          "sensitive_attributes": [],
          "private": "bnVsbA==",
          "dependencies": [
            "aws_iam_policy.ecs_task_execution_policy",
            "aws_iam_role.ecs_task_execution_role"
          ]
        }
      ]
    },
    {
      "mode": "managed",
      "type": "aws_security_group",
      "name": "ecs_web_access_sg",
      "provider": "provider[\"registry.terraform.io/hashicorp/aws\"]",
      "instances": [
        {
          "schema_version": 1,
          "attributes": {
            "arn": "arn:aws:ec2:eu-west-3:260320279955:security-group/sg-05cd786691c73ab08",
            "description": "Allow inbound traffic on port 8000 and outbound traffic to 0.0.0.0/0",
            "egress": [
              {
                "cidr_blocks": [
                  "0.0.0.0/0"
                ],
                "description": "",
                "from_port": 0,
                "ipv6_cidr_blocks": [],
                "prefix_list_ids": [],
                "protocol": "-1",
                "security_groups": [],
                "self": false,
                "to_port": 0
              }
            ],
            "id": "sg-05cd786691c73ab08",
            "ingress": [
              {
                "cidr_blocks": [
                  "0.0.0.0/0"
                ],
                "description": "",
                "from_port": 8000,
                "ipv6_cidr_blocks": [],
                "prefix_list_ids": [],
                "protocol": "tcp",
                "security_groups": [],
                "self": false,
                "to_port": 8000
              }
            ],
            "name": "ecs_web_access_sg",
            "name_prefix": "",
            "owner_id": "260320279955",
            "revoke_rules_on_delete": false,
            "tags": {
              "Application": "fastapi_service",
              "Environment": "dev",
              "Name": "ecs_web_access_sg"
            },
            "tags_all": {
              "Application": "fastapi_service",
              "Environment": "dev",
              "Name": "ecs_web_access_sg"
            },
            "timeouts": null,
            "vpc_id": "vpc-0c505b7cac3ddc9cf"
          },
          "sensitive_attributes": [],
          "private": "eyJlMmJmYjczMC1lY2FhLTExZTYtOGY4OC0zNDM2M2JjN2M0YzAiOnsiY3JlYXRlIjo2MDAwMDAwMDAwMDAsImRlbGV0ZSI6OTAwMDAwMDAwMDAwfSwic2NoZW1hX3ZlcnNpb24iOiIxIn0=",
          "dependencies": [
            "data.aws_vpc.default"
          ]
        }
      ]
    }
  ],
  "check_results": null
}
